// !$*UTF8*$!
{
	archiveVersion = 1;
	classes = {
	};
	objectVersion = 55;
	objects = {

/* Begin PBXBuildFile section */
		6BCA7A8F2A169DE00057EE01 /* CareKit in Frameworks */ = {isa = PBXBuildFile; productRef = 6BCA7A8E2A169DE00057EE01 /* CareKit */; };
		6BCA7A912A169DE00057EE01 /* CareKitStore in Frameworks */ = {isa = PBXBuildFile; productRef = 6BCA7A902A169DE00057EE01 /* CareKitStore */; };
		6BCA7A932A169DE00057EE01 /* CareKitUI in Frameworks */ = {isa = PBXBuildFile; productRef = 6BCA7A922A169DE00057EE01 /* CareKitUI */; };
		6BCA7A9B2A1741940057EE01 /* ContentView.swift in Sources */ = {isa = PBXBuildFile; fileRef = 6BCA7A9A2A1741940057EE01 /* ContentView.swift */; };
		6BCA7A9E2A17425A0057EE01 /* ProfileView.swift in Sources */ = {isa = PBXBuildFile; fileRef = 6BCA7A9D2A17425A0057EE01 /* ProfileView.swift */; };
		6BCA7AA22A1846970057EE01 /* SessionView.swift in Sources */ = {isa = PBXBuildFile; fileRef = 6BCA7AA12A1846970057EE01 /* SessionView.swift */; };
		6BCA7AA42A1846C10057EE01 /* AddDrinkView.swift in Sources */ = {isa = PBXBuildFile; fileRef = 6BCA7AA32A1846C10057EE01 /* AddDrinkView.swift */; };
		6BCBA9572A127EF200007FBF /* BAC_TrackerApp.swift in Sources */ = {isa = PBXBuildFile; fileRef = 6BCBA9562A127EF200007FBF /* BAC_TrackerApp.swift */; };
		6BCBA9592A127EF200007FBF /* HomeView.swift in Sources */ = {isa = PBXBuildFile; fileRef = 6BCBA9582A127EF200007FBF /* HomeView.swift */; };
		6BCBA95B2A127EF600007FBF /* Assets.xcassets in Resources */ = {isa = PBXBuildFile; fileRef = 6BCBA95A2A127EF600007FBF /* Assets.xcassets */; };
		6BCBA95E2A127EF600007FBF /* Preview Assets.xcassets in Resources */ = {isa = PBXBuildFile; fileRef = 6BCBA95D2A127EF600007FBF /* Preview Assets.xcassets */; };
		6BCBA9652A127F5700007FBF /* HealthStore.swift in Sources */ = {isa = PBXBuildFile; fileRef = 6BCBA9642A127F5700007FBF /* HealthStore.swift */; };
		6BCBA9692A12803B00007FBF /* HealthKit.framework in Frameworks */ = {isa = PBXBuildFile; fileRef = 6BCBA9682A12803B00007FBF /* HealthKit.framework */; };
/* End PBXBuildFile section */

/* Begin PBXFileReference section */
		6BCA7A9A2A1741940057EE01 /* ContentView.swift */ = {isa = PBXFileReference; lastKnownFileType = sourcecode.swift; path = ContentView.swift; sourceTree = "<group>"; };
		6BCA7A9D2A17425A0057EE01 /* ProfileView.swift */ = {isa = PBXFileReference; lastKnownFileType = sourcecode.swift; path = ProfileView.swift; sourceTree = "<group>"; };
		6BCA7AA12A1846970057EE01 /* SessionView.swift */ = {isa = PBXFileReference; lastKnownFileType = sourcecode.swift; path = SessionView.swift; sourceTree = "<group>"; };
		6BCA7AA32A1846C10057EE01 /* AddDrinkView.swift */ = {isa = PBXFileReference; lastKnownFileType = sourcecode.swift; path = AddDrinkView.swift; sourceTree = "<group>"; };
		6BCBA9532A127EF200007FBF /* BAC-Tracker.app */ = {isa = PBXFileReference; explicitFileType = wrapper.application; includeInIndex = 0; path = "BAC-Tracker.app"; sourceTree = BUILT_PRODUCTS_DIR; };
		6BCBA9562A127EF200007FBF /* BAC_TrackerApp.swift */ = {isa = PBXFileReference; lastKnownFileType = sourcecode.swift; path = BAC_TrackerApp.swift; sourceTree = "<group>"; };
		6BCBA9582A127EF200007FBF /* HomeView.swift */ = {isa = PBXFileReference; lastKnownFileType = sourcecode.swift; path = HomeView.swift; sourceTree = "<group>"; };
		6BCBA95A2A127EF600007FBF /* Assets.xcassets */ = {isa = PBXFileReference; lastKnownFileType = folder.assetcatalog; path = Assets.xcassets; sourceTree = "<group>"; };
		6BCBA95D2A127EF600007FBF /* Preview Assets.xcassets */ = {isa = PBXFileReference; lastKnownFileType = folder.assetcatalog; path = "Preview Assets.xcassets"; sourceTree = "<group>"; };
		6BCBA9642A127F5700007FBF /* HealthStore.swift */ = {isa = PBXFileReference; lastKnownFileType = sourcecode.swift; path = HealthStore.swift; sourceTree = "<group>"; };
		6BCBA9662A12803B00007FBF /* BAC-Tracker.entitlements */ = {isa = PBXFileReference; lastKnownFileType = text.plist.entitlements; path = "BAC-Tracker.entitlements"; sourceTree = "<group>"; };
		6BCBA9682A12803B00007FBF /* HealthKit.framework */ = {isa = PBXFileReference; lastKnownFileType = wrapper.framework; name = HealthKit.framework; path = System/Library/Frameworks/HealthKit.framework; sourceTree = SDKROOT; };
		6BCBA96A2A12810200007FBF /* Info.plist */ = {isa = PBXFileReference; lastKnownFileType = text.plist; path = Info.plist; sourceTree = "<group>"; };
/* End PBXFileReference section */

/* Begin PBXFrameworksBuildPhase section */
		6BCBA9502A127EF200007FBF /* Frameworks */ = {
			isa = PBXFrameworksBuildPhase;
			buildActionMask = 2147483647;
			files = (
				6BCA7A8F2A169DE00057EE01 /* CareKit in Frameworks */,
				6BCBA9692A12803B00007FBF /* HealthKit.framework in Frameworks */,
				6BCA7A932A169DE00057EE01 /* CareKitUI in Frameworks */,
				6BCA7A912A169DE00057EE01 /* CareKitStore in Frameworks */,
			);
			runOnlyForDeploymentPostprocessing = 0;
		};
/* End PBXFrameworksBuildPhase section */

/* Begin PBXGroup section */
		6BCA7A9C2A1741B40057EE01 /* Views */ = {
			isa = PBXGroup;
			children = (
				6BCBA9582A127EF200007FBF /* HomeView.swift */,
				6BCA7A9D2A17425A0057EE01 /* ProfileView.swift */,
				6BCA7AA12A1846970057EE01 /* SessionView.swift */,
				6BCA7AA32A1846C10057EE01 /* AddDrinkView.swift */,
			);
			path = Views;
			sourceTree = "<group>";
		};
		6BCBA94A2A127EF200007FBF = {
			isa = PBXGroup;
			children = (
				6BCBA9552A127EF200007FBF /* BAC-Tracker */,
				6BCBA9542A127EF200007FBF /* Products */,
				6BCBA9672A12803B00007FBF /* Frameworks */,
			);
			sourceTree = "<group>";
		};
		6BCBA9542A127EF200007FBF /* Products */ = {
			isa = PBXGroup;
			children = (
				6BCBA9532A127EF200007FBF /* BAC-Tracker.app */,
			);
			name = Products;
			sourceTree = "<group>";
		};
		6BCBA9552A127EF200007FBF /* BAC-Tracker */ = {
			isa = PBXGroup;
			children = (
				6BCBA96A2A12810200007FBF /* Info.plist */,
				6BCBA9662A12803B00007FBF /* BAC-Tracker.entitlements */,
				6BCBA9562A127EF200007FBF /* BAC_TrackerApp.swift */,
				6BCBA95A2A127EF600007FBF /* Assets.xcassets */,
				6BCBA95C2A127EF600007FBF /* Preview Content */,
				6BCBA9642A127F5700007FBF /* HealthStore.swift */,
				6BCA7A9C2A1741B40057EE01 /* Views */,
				6BCA7A9A2A1741940057EE01 /* ContentView.swift */,
			);
			path = "BAC-Tracker";
			sourceTree = "<group>";
		};
		6BCBA95C2A127EF600007FBF /* Preview Content */ = {
			isa = PBXGroup;
			children = (
				6BCBA95D2A127EF600007FBF /* Preview Assets.xcassets */,
			);
			path = "Preview Content";
			sourceTree = "<group>";
		};
		6BCBA9672A12803B00007FBF /* Frameworks */ = {
			isa = PBXGroup;
			children = (
				6BCBA9682A12803B00007FBF /* HealthKit.framework */,
			);
			name = Frameworks;
			sourceTree = "<group>";
		};
/* End PBXGroup section */

/* Begin PBXNativeTarget section */
		6BCBA9522A127EF200007FBF /* BAC-Tracker */ = {
			isa = PBXNativeTarget;
			buildConfigurationList = 6BCBA9612A127EF600007FBF /* Build configuration list for PBXNativeTarget "BAC-Tracker" */;
			buildPhases = (
				6BCBA94F2A127EF200007FBF /* Sources */,
				6BCBA9502A127EF200007FBF /* Frameworks */,
				6BCBA9512A127EF200007FBF /* Resources */,
			);
			buildRules = (
			);
			dependencies = (
			);
			name = "BAC-Tracker";
			packageProductDependencies = (
				6BCA7A8E2A169DE00057EE01 /* CareKit */,
				6BCA7A902A169DE00057EE01 /* CareKitStore */,
				6BCA7A922A169DE00057EE01 /* CareKitUI */,
			);
			productName = "BAC-Tracker";
			productReference = 6BCBA9532A127EF200007FBF /* BAC-Tracker.app */;
			productType = "com.apple.product-type.application";
		};
/* End PBXNativeTarget section */

/* Begin PBXProject section */
		6BCBA94B2A127EF200007FBF /* Project object */ = {
			isa = PBXProject;
			attributes = {
				BuildIndependentTargetsInParallel = 1;
				LastSwiftUpdateCheck = 1340;
				LastUpgradeCheck = 1340;
				TargetAttributes = {
					6BCBA9522A127EF200007FBF = {
						CreatedOnToolsVersion = 13.4.1;
					};
				};
			};
			buildConfigurationList = 6BCBA94E2A127EF200007FBF /* Build configuration list for PBXProject "BAC-Tracker" */;
			compatibilityVersion = "Xcode 13.0";
			developmentRegion = en;
			hasScannedForEncodings = 0;
			knownRegions = (
				en,
				Base,
			);
			mainGroup = 6BCBA94A2A127EF200007FBF;
			packageReferences = (
				6BCA7A8D2A169DE00057EE01 /* XCRemoteSwiftPackageReference "CareKit" */,
			);
			productRefGroup = 6BCBA9542A127EF200007FBF /* Products */;
			projectDirPath = "";
			projectRoot = "";
			targets = (
				6BCBA9522A127EF200007FBF /* BAC-Tracker */,
			);
		};
/* End PBXProject section */

/* Begin PBXResourcesBuildPhase section */
		6BCBA9512A127EF200007FBF /* Resources */ = {
			isa = PBXResourcesBuildPhase;
			buildActionMask = 2147483647;
			files = (
				6BCBA95E2A127EF600007FBF /* Preview Assets.xcassets in Resources */,
				6BCBA95B2A127EF600007FBF /* Assets.xcassets in Resources */,
			);
			runOnlyForDeploymentPostprocessing = 0;
		};
/* End PBXResourcesBuildPhase section */

/* Begin PBXSourcesBuildPhase section */
		6BCBA94F2A127EF200007FBF /* Sources */ = {
			isa = PBXSourcesBuildPhase;
			buildActionMask = 2147483647;
			files = (
				6BCBA9592A127EF200007FBF /* HomeView.swift in Sources */,
				6BCA7AA22A1846970057EE01 /* SessionView.swift in Sources */,
				6BCA7AA42A1846C10057EE01 /* AddDrinkView.swift in Sources */,
				6BCBA9652A127F5700007FBF /* HealthStore.swift in Sources */,
				6BCA7A9E2A17425A0057EE01 /* ProfileView.swift in Sources */,
				6BCA7A9B2A1741940057EE01 /* ContentView.swift in Sources */,
				6BCBA9572A127EF200007FBF /* BAC_TrackerApp.swift in Sources */,
			);
			runOnlyForDeploymentPostprocessing = 0;
		};
/* End PBXSourcesBuildPhase section */

/* Begin XCBuildConfiguration section */
		6BCBA95F2A127EF600007FBF /* Debug */ = {
			isa = XCBuildConfiguration;
			buildSettings = {
				ALWAYS_SEARCH_USER_PATHS = NO;
				CLANG_ANALYZER_NONNULL = YES;
				CLANG_ANALYZER_NUMBER_OBJECT_CONVERSION = YES_AGGRESSIVE;
				CLANG_CXX_LANGUAGE_STANDARD = "gnu++17";
				CLANG_ENABLE_MODULES = YES;
				CLANG_ENABLE_OBJC_ARC = YES;
				CLANG_ENABLE_OBJC_WEAK = YES;
				CLANG_WARN_BLOCK_CAPTURE_AUTORELEASING = YES;
				CLANG_WARN_BOOL_CONVERSION = YES;
				CLANG_WARN_COMMA = YES;
				CLANG_WARN_CONSTANT_CONVERSION = YES;
				CLANG_WARN_DEPRECATED_OBJC_IMPLEMENTATIONS = YES;
				CLANG_WARN_DIRECT_OBJC_ISA_USAGE = YES_ERROR;
				CLANG_WARN_DOCUMENTATION_COMMENTS = YES;
				CLANG_WARN_EMPTY_BODY = YES;
				CLANG_WARN_ENUM_CONVERSION = YES;
				CLANG_WARN_INFINITE_RECURSION = YES;
				CLANG_WARN_INT_CONVERSION = YES;
				CLANG_WARN_NON_LITERAL_NULL_CONVERSION = YES;
				CLANG_WARN_OBJC_IMPLICIT_RETAIN_SELF = YES;
				CLANG_WARN_OBJC_LITERAL_CONVERSION = YES;
				CLANG_WARN_OBJC_ROOT_CLASS = YES_ERROR;
				CLANG_WARN_QUOTED_INCLUDE_IN_FRAMEWORK_HEADER = YES;
				CLANG_WARN_RANGE_LOOP_ANALYSIS = YES;
				CLANG_WARN_STRICT_PROTOTYPES = YES;
				CLANG_WARN_SUSPICIOUS_MOVE = YES;
				CLANG_WARN_UNGUARDED_AVAILABILITY = YES_AGGRESSIVE;
				CLANG_WARN_UNREACHABLE_CODE = YES;
				CLANG_WARN__DUPLICATE_METHOD_MATCH = YES;
				COPY_PHASE_STRIP = NO;
				DEBUG_INFORMATION_FORMAT = dwarf;
				ENABLE_STRICT_OBJC_MSGSEND = YES;
				ENABLE_TESTABILITY = YES;
				GCC_C_LANGUAGE_STANDARD = gnu11;
				GCC_DYNAMIC_NO_PIC = NO;
				GCC_NO_COMMON_BLOCKS = YES;
				GCC_OPTIMIZATION_LEVEL = 0;
				GCC_PREPROCESSOR_DEFINITIONS = (
					"DEBUG=1",
					"$(inherited)",
				);
				GCC_WARN_64_TO_32_BIT_CONVERSION = YES;
				GCC_WARN_ABOUT_RETURN_TYPE = YES_ERROR;
				GCC_WARN_UNDECLARED_SELECTOR = YES;
				GCC_WARN_UNINITIALIZED_AUTOS = YES_AGGRESSIVE;
				GCC_WARN_UNUSED_FUNCTION = YES;
				GCC_WARN_UNUSED_VARIABLE = YES;
				IPHONEOS_DEPLOYMENT_TARGET = 15.5;
				MTL_ENABLE_DEBUG_INFO = INCLUDE_SOURCE;
				MTL_FAST_MATH = YES;
				ONLY_ACTIVE_ARCH = YES;
				SDKROOT = iphoneos;
				SWIFT_ACTIVE_COMPILATION_CONDITIONS = DEBUG;
				SWIFT_OPTIMIZATION_LEVEL = "-Onone";
			};
			name = Debug;
		};
		6BCBA9602A127EF600007FBF /* Release */ = {
			isa = XCBuildConfiguration;
			buildSettings = {
				ALWAYS_SEARCH_USER_PATHS = NO;
				CLANG_ANALYZER_NONNULL = YES;
				CLANG_ANALYZER_NUMBER_OBJECT_CONVERSION = YES_AGGRESSIVE;
				CLANG_CXX_LANGUAGE_STANDARD = "gnu++17";
				CLANG_ENABLE_MODULES = YES;
				CLANG_ENABLE_OBJC_ARC = YES;
				CLANG_ENABLE_OBJC_WEAK = YES;
				CLANG_WARN_BLOCK_CAPTURE_AUTORELEASING = YES;
				CLANG_WARN_BOOL_CONVERSION = YES;
				CLANG_WARN_COMMA = YES;
				CLANG_WARN_CONSTANT_CONVERSION = YES;
				CLANG_WARN_DEPRECATED_OBJC_IMPLEMENTATIONS = YES;
				CLANG_WARN_DIRECT_OBJC_ISA_USAGE = YES_ERROR;
				CLANG_WARN_DOCUMENTATION_COMMENTS = YES;
				CLANG_WARN_EMPTY_BODY = YES;
				CLANG_WARN_ENUM_CONVERSION = YES;
				CLANG_WARN_INFINITE_RECURSION = YES;
				CLANG_WARN_INT_CONVERSION = YES;
				CLANG_WARN_NON_LITERAL_NULL_CONVERSION = YES;
				CLANG_WARN_OBJC_IMPLICIT_RETAIN_SELF = YES;
				CLANG_WARN_OBJC_LITERAL_CONVERSION = YES;
				CLANG_WARN_OBJC_ROOT_CLASS = YES_ERROR;
				CLANG_WARN_QUOTED_INCLUDE_IN_FRAMEWORK_HEADER = YES;
				CLANG_WARN_RANGE_LOOP_ANALYSIS = YES;
				CLANG_WARN_STRICT_PROTOTYPES = YES;
				CLANG_WARN_SUSPICIOUS_MOVE = YES;
				CLANG_WARN_UNGUARDED_AVAILABILITY = YES_AGGRESSIVE;
				CLANG_WARN_UNREACHABLE_CODE = YES;
				CLANG_WARN__DUPLICATE_METHOD_MATCH = YES;
				COPY_PHASE_STRIP = NO;
				DEBUG_INFORMATION_FORMAT = "dwarf-with-dsym";
				ENABLE_NS_ASSERTIONS = NO;
				ENABLE_STRICT_OBJC_MSGSEND = YES;
				GCC_C_LANGUAGE_STANDARD = gnu11;
				GCC_NO_COMMON_BLOCKS = YES;
				GCC_WARN_64_TO_32_BIT_CONVERSION = YES;
				GCC_WARN_ABOUT_RETURN_TYPE = YES_ERROR;
				GCC_WARN_UNDECLARED_SELECTOR = YES;
				GCC_WARN_UNINITIALIZED_AUTOS = YES_AGGRESSIVE;
				GCC_WARN_UNUSED_FUNCTION = YES;
				GCC_WARN_UNUSED_VARIABLE = YES;
				IPHONEOS_DEPLOYMENT_TARGET = 15.5;
				MTL_ENABLE_DEBUG_INFO = NO;
				MTL_FAST_MATH = YES;
				SDKROOT = iphoneos;
				SWIFT_COMPILATION_MODE = wholemodule;
				SWIFT_OPTIMIZATION_LEVEL = "-O";
				VALIDATE_PRODUCT = YES;
			};
			name = Release;
		};
		6BCBA9622A127EF600007FBF /* Debug */ = {
			isa = XCBuildConfiguration;
			buildSettings = {
				ASSETCATALOG_COMPILER_APPICON_NAME = AppIcon;
				ASSETCATALOG_COMPILER_GLOBAL_ACCENT_COLOR_NAME = AccentColor;
				CODE_SIGN_ENTITLEMENTS = "BAC-Tracker/BAC-Tracker.entitlements";
				CODE_SIGN_STYLE = Automatic;
				CURRENT_PROJECT_VERSION = 1;
				DEVELOPMENT_ASSET_PATHS = "\"BAC-Tracker/Preview Content\"";
				DEVELOPMENT_TEAM = VX94UJV87E;
				ENABLE_PREVIEWS = YES;
				GENERATE_INFOPLIST_FILE = YES;
				INFOPLIST_FILE = "BAC-Tracker/Info.plist";
				INFOPLIST_KEY_NSHealthShareUsageDescription = "BAC-Tracker wants to access now please";
				INFOPLIST_KEY_NSHealthUpdateUsageDescription = "BAC-Tracker wants to access now please";
				INFOPLIST_KEY_UIApplicationSceneManifest_Generation = YES;
				INFOPLIST_KEY_UIApplicationSupportsIndirectInputEvents = YES;
				INFOPLIST_KEY_UILaunchScreen_Generation = YES;
				INFOPLIST_KEY_UISupportedInterfaceOrientations_iPad = "UIInterfaceOrientationPortrait UIInterfaceOrientationPortraitUpsideDown UIInterfaceOrientationLandscapeLeft UIInterfaceOrientationLandscapeRight";
				INFOPLIST_KEY_UISupportedInterfaceOrientations_iPhone = "UIInterfaceOrientationPortrait UIInterfaceOrientationLandscapeLeft UIInterfaceOrientationLandscapeRight";
				LD_RUNPATH_SEARCH_PATHS = (
					"$(inherited)",
					"@executable_path/Frameworks",
				);
				MARKETING_VERSION = 1.0;
				PRODUCT_BUNDLE_IDENTIFIER = "angthow1-jh.edu.BAC-Tracker";
				PRODUCT_NAME = "$(TARGET_NAME)";
				SWIFT_EMIT_LOC_STRINGS = YES;
				SWIFT_VERSION = 5.0;
				TARGETED_DEVICE_FAMILY = "1,2";
			};
			name = Debug;
		};
		6BCBA9632A127EF600007FBF /* Release */ = {
			isa = XCBuildConfiguration;
			buildSettings = {
				ASSETCATALOG_COMPILER_APPICON_NAME = AppIcon;
				ASSETCATALOG_COMPILER_GLOBAL_ACCENT_COLOR_NAME = AccentColor;
				CODE_SIGN_ENTITLEMENTS = "BAC-Tracker/BAC-Tracker.entitlements";
				CODE_SIGN_STYLE = Automatic;
				CURRENT_PROJECT_VERSION = 1;
				DEVELOPMENT_ASSET_PATHS = "\"BAC-Tracker/Preview Content\"";
				DEVELOPMENT_TEAM = VX94UJV87E;
				ENABLE_PREVIEWS = YES;
				GENERATE_INFOPLIST_FILE = YES;
				INFOPLIST_FILE = "BAC-Tracker/Info.plist";
				INFOPLIST_KEY_NSHealthShareUsageDescription = "BAC-Tracker wants to access now please";
				INFOPLIST_KEY_NSHealthUpdateUsageDescription = "BAC-Tracker wants to access now please";
				INFOPLIST_KEY_UIApplicationSceneManifest_Generation = YES;
				INFOPLIST_KEY_UIApplicationSupportsIndirectInputEvents = YES;
				INFOPLIST_KEY_UILaunchScreen_Generation = YES;
				INFOPLIST_KEY_UISupportedInterfaceOrientations_iPad = "UIInterfaceOrientationPortrait UIInterfaceOrientationPortraitUpsideDown UIInterfaceOrientationLandscapeLeft UIInterfaceOrientationLandscapeRight";
				INFOPLIST_KEY_UISupportedInterfaceOrientations_iPhone = "UIInterfaceOrientationPortrait UIInterfaceOrientationLandscapeLeft UIInterfaceOrientationLandscapeRight";
				LD_RUNPATH_SEARCH_PATHS = (
					"$(inherited)",
					"@executable_path/Frameworks",
				);
				MARKETING_VERSION = 1.0;
				PRODUCT_BUNDLE_IDENTIFIER = "angthow1-jh.edu.BAC-Tracker";
				PRODUCT_NAME = "$(TARGET_NAME)";
				SWIFT_EMIT_LOC_STRINGS = YES;
				SWIFT_VERSION = 5.0;
				TARGETED_DEVICE_FAMILY = "1,2";
			};
			name = Release;
		};
/* End XCBuildConfiguration section */

/* Begin XCConfigurationList section */
		6BCBA94E2A127EF200007FBF /* Build configuration list for PBXProject "BAC-Tracker" */ = {
			isa = XCConfigurationList;
			buildConfigurations = (
				6BCBA95F2A127EF600007FBF /* Debug */,
				6BCBA9602A127EF600007FBF /* Release */,
			);
			defaultConfigurationIsVisible = 0;
			defaultConfigurationName = Release;
		};
		6BCBA9612A127EF600007FBF /* Build configuration list for PBXNativeTarget "BAC-Tracker" */ = {
			isa = XCConfigurationList;
			buildConfigurations = (
				6BCBA9622A127EF600007FBF /* Debug */,
				6BCBA9632A127EF600007FBF /* Release */,
			);
			defaultConfigurationIsVisible = 0;
			defaultConfigurationName = Release;
		};
/* End XCConfigurationList section */

/* Begin XCRemoteSwiftPackageReference section */
		6BCA7A8D2A169DE00057EE01 /* XCRemoteSwiftPackageReference "CareKit" */ = {
			isa = XCRemoteSwiftPackageReference;
			repositoryURL = "https://github.com/carekit-apple/CareKit";
			requirement = {
				kind = upToNextMajorVersion;
				minimumVersion = 2.0.0;
			};
		};
/* End XCRemoteSwiftPackageReference section */

/* Begin XCSwiftPackageProductDependency section */
		6BCA7A8E2A169DE00057EE01 /* CareKit */ = {
			isa = XCSwiftPackageProductDependency;
			package = 6BCA7A8D2A169DE00057EE01 /* XCRemoteSwiftPackageReference "CareKit" */;
			productName = CareKit;
		};
		6BCA7A902A169DE00057EE01 /* CareKitStore */ = {
			isa = XCSwiftPackageProductDependency;
			package = 6BCA7A8D2A169DE00057EE01 /* XCRemoteSwiftPackageReference "CareKit" */;
			productName = CareKitStore;
		};
		6BCA7A922A169DE00057EE01 /* CareKitUI */ = {
			isa = XCSwiftPackageProductDependency;
			package = 6BCA7A8D2A169DE00057EE01 /* XCRemoteSwiftPackageReference "CareKit" */;
			productName = CareKitUI;
		};
/* End XCSwiftPackageProductDependency section */
	};
	rootObject = 6BCBA94B2A127EF200007FBF /* Project object */;
}
